
Microsoft Visual Studio Solution File, Format Version 12.00
# Visual Studio 15
VisualStudioVersion = 15.0.28307.136
MinimumVisualStudioVersion = 10.0.40219.1
Project("{FAE04EC0-301F-11D3-BF4B-00C04F79EFBC}") = "GeoLocationAppNew.Android", "GeoLocationAppNew\GeoLocationAppNew.Android\GeoLocationAppNew.Android.csproj", "{F7978BB8-229C-4056-976B-17B27D6833DC}"
EndProject
Project("{FAE04EC0-301F-11D3-BF4B-00C04F79EFBC}") = "GeoLocationAppNew.iOS", "GeoLocationAppNew\GeoLocationAppNew.iOS\GeoLocationAppNew.iOS.csproj", "{FB370793-D734-407F-9B92-A5DAF3CBA3BA}"
EndProject
Project("{FAE04EC0-301F-11D3-BF4B-00C04F79EFBC}") = "GeoLocationAppNew.UWP", "GeoLocationAppNew\GeoLocationAppNew.UWP\GeoLocationAppNew.UWP.csproj", "{D7591CE8-9F5E-4D58-8BA8-4D7D6F9D0541}"
EndProject
Project("{FAE04EC0-301F-11D3-BF4B-00C04F79EFBC}") = "GeoLocationAppNew", "GeoLocationAppNew\GeoLocationAppNew\GeoLocationAppNew.csproj", "{DE55AECA-3182-4544-A883-7F152A704737}"
EndProject
Global
	GlobalSection(SolutionConfigurationPlatforms) = preSolution
		Ad-Hoc|Any CPU = Ad-Hoc|Any CPU
		Ad-Hoc|ARM = Ad-Hoc|ARM
		Ad-Hoc|iPhone = Ad-Hoc|iPhone
		Ad-Hoc|iPhoneSimulator = Ad-Hoc|iPhoneSimulator
		Ad-Hoc|x64 = Ad-Hoc|x64
		Ad-Hoc|x86 = Ad-Hoc|x86
		AppStore|Any CPU = AppStore|Any CPU
		AppStore|ARM = AppStore|ARM
		AppStore|iPhone = AppStore|iPhone
		AppStore|iPhoneSimulator = AppStore|iPhoneSimulator
		AppStore|x64 = AppStore|x64
		AppStore|x86 = AppStore|x86
		Debug|Any CPU = Debug|Any CPU
		Debug|ARM = Debug|ARM
		Debug|iPhone = Debug|iPhone
		Debug|iPhoneSimulator = Debug|iPhoneSimulator
		Debug|x64 = Debug|x64
		Debug|x86 = Debug|x86
		Release|Any CPU = Release|Any CPU
		Release|ARM = Release|ARM
		Release|iPhone = Release|iPhone
		Release|iPhoneSimulator = Release|iPhoneSimulator
		Release|x64 = Release|x64
		Release|x86 = Release|x86
	EndGlobalSection
	GlobalSection(ProjectConfigurationPlatforms) = postSolution
		{F7978BB8-229C-4056-976B-17B27D6833DC}.Ad-Hoc|Any CPU.ActiveCfg = Release|Any CPU
		{F7978BB8-229C-4056-976B-17B27D6833DC}.Ad-Hoc|Any CPU.Build.0 = Release|Any CPU
		{F7978BB8-229C-4056-976B-17B27D6833DC}.Ad-Hoc|Any CPU.Deploy.0 = Release|Any CPU
		{F7978BB8-229C-4056-976B-17B27D6833DC}.Ad-Hoc|ARM.ActiveCfg = Release|Any CPU
		{F7978BB8-229C-4056-976B-17B27D6833DC}.Ad-Hoc|ARM.Build.0 = Release|Any CPU
		{F7978BB8-229C-4056-976B-17B27D6833DC}.Ad-Hoc|ARM.Deploy.0 = Release|Any CPU
		{F7978BB8-229C-4056-976B-17B27D6833DC}.Ad-Hoc|iPhone.ActiveCfg = Release|Any CPU
		{F7978BB8-229C-4056-976B-17B27D6833DC}.Ad-Hoc|iPhone.Build.0 = Release|Any CPU
		{F7978BB8-229C-4056-976B-17B27D6833DC}.Ad-Hoc|iPhone.Deploy.0 = Release|Any CPU
		{F7978BB8-229C-4056-976B-17B27D6833DC}.Ad-Hoc|iPhoneSimulator.ActiveCfg = Release|Any CPU
		{F7978BB8-229C-4056-976B-17B27D6833DC}.Ad-Hoc|iPhoneSimulator.Build.0 = Release|Any CPU
		{F7978BB8-229C-4056-976B-17B27D6833DC}.Ad-Hoc|iPhoneSimulator.Deploy.0 = Release|Any CPU
		{F7978BB8-229C-4056-976B-17B27D6833DC}.Ad-Hoc|x64.ActiveCfg = Release|Any CPU
		{F7978BB8-229C-4056-976B-17B27D6833DC}.Ad-Hoc|x64.Build.0 = Release|Any CPU
		{F7978BB8-229C-4056-976B-17B27D6833DC}.Ad-Hoc|x64.Deploy.0 = Release|Any CPU
		{F7978BB8-229C-4056-976B-17B27D6833DC}.Ad-Hoc|x86.ActiveCfg = Release|Any CPU
		{F7978BB8-229C-4056-976B-17B27D6833DC}.Ad-Hoc|x86.Build.0 = Release|Any CPU
		{F7978BB8-229C-4056-976B-17B27D6833DC}.Ad-Hoc|x86.Deploy.0 = Release|Any CPU
		{F7978BB8-229C-4056-976B-17B27D6833DC}.AppStore|Any CPU.ActiveCfg = Release|Any CPU
		{F7978BB8-229C-4056-976B-17B27D6833DC}.AppStore|Any CPU.Build.0 = Release|Any CPU
		{F7978BB8-229C-4056-976B-17B27D6833DC}.AppStore|Any CPU.Deploy.0 = Release|Any CPU
		{F7978BB8-229C-4056-976B-17B27D6833DC}.AppStore|ARM.ActiveCfg = Release|Any CPU
		{F7978BB8-229C-4056-976B-17B27D6833DC}.AppStore|ARM.Build.0 = Release|Any CPU
		{F7978BB8-229C-4056-976B-17B27D6833DC}.AppStore|ARM.Deploy.0 = Release|Any CPU
		{F7978BB8-229C-4056-976B-17B27D6833DC}.AppStore|iPhone.ActiveCfg = Release|Any CPU
		{F7978BB8-229C-4056-976B-17B27D6833DC}.AppStore|iPhone.Build.0 = Release|Any CPU
		{F7978BB8-229C-4056-976B-17B27D6833DC}.AppStore|iPhone.Deploy.0 = Release|Any CPU
		{F7978BB8-229C-4056-976B-17B27D6833DC}.AppStore|iPhoneSimulator.ActiveCfg = Release|Any CPU
		{F7978BB8-229C-4056-976B-17B27D6833DC}.AppStore|iPhoneSimulator.Build.0 = Release|Any CPU
		{F7978BB8-229C-4056-976B-17B27D6833DC}.AppStore|iPhoneSimulator.Deploy.0 = Release|Any CPU
		{F7978BB8-229C-4056-976B-17B27D6833DC}.AppStore|x64.ActiveCfg = Release|Any CPU
		{F7978BB8-229C-4056-976B-17B27D6833DC}.AppStore|x64.Build.0 = Release|Any CPU
		{F7978BB8-229C-4056-976B-17B27D6833DC}.AppStore|x64.Deploy.0 = Release|Any CPU
		{F7978BB8-229C-4056-976B-17B27D6833DC}.AppStore|x86.ActiveCfg = Release|Any CPU
		{F7978BB8-229C-4056-976B-17B27D6833DC}.AppStore|x86.Build.0 = Release|Any CPU
		{F7978BB8-229C-4056-976B-17B27D6833DC}.AppStore|x86.Deploy.0 = Release|Any CPU
		{F7978BB8-229C-4056-976B-17B27D6833DC}.Debug|Any CPU.ActiveCfg = Debug|Any CPU
		{F7978BB8-229C-4056-976B-17B27D6833DC}.Debug|Any CPU.Build.0 = Debug|Any CPU
		{F7978BB8-229C-4056-976B-17B27D6833DC}.Debug|Any CPU.Deploy.0 = Debug|Any CPU
		{F7978BB8-229C-4056-976B-17B27D6833DC}.Debug|ARM.ActiveCfg = Debug|Any CPU
		{F7978BB8-229C-4056-976B-17B27D6833DC}.Debug|ARM.Build.0 = Debug|Any CPU
		{F7978BB8-229C-4056-976B-17B27D6833DC}.Debug|ARM.Deploy.0 = Debug|Any CPU
		{F7978BB8-229C-4056-976B-17B27D6833DC}.Debug|iPhone.ActiveCfg = Debug|Any CPU
		{F7978BB8-229C-4056-976B-17B27D6833DC}.Debug|iPhone.Build.0 = Debug|Any CPU
		{F7978BB8-229C-4056-976B-17B27D6833DC}.Debug|iPhone.Deploy.0 = Debug|Any CPU
		{F7978BB8-229C-4056-976B-17B27D6833DC}.Debug|iPhoneSimulator.ActiveCfg = Debug|Any CPU
		{F7978BB8-229C-4056-976B-17B27D6833DC}.Debug|iPhoneSimulator.Build.0 = Debug|Any CPU
		{F7978BB8-229C-4056-976B-17B27D6833DC}.Debug|iPhoneSimulator.Deploy.0 = Debug|Any CPU
		{F7978BB8-229C-4056-976B-17B27D6833DC}.Debug|x64.ActiveCfg = Debug|Any CPU
		{F7978BB8-229C-4056-976B-17B27D6833DC}.Debug|x64.Build.0 = Debug|Any CPU
		{F7978BB8-229C-4056-976B-17B27D6833DC}.Debug|x64.Deploy.0 = Debug|Any CPU
		{F7978BB8-229C-4056-976B-17B27D6833DC}.Debug|x86.ActiveCfg = Debug|Any CPU
		{F7978BB8-229C-4056-976B-17B27D6833DC}.Debug|x86.Build.0 = Debug|Any CPU
		{F7978BB8-229C-4056-976B-17B27D6833DC}.Debug|x86.Deploy.0 = Debug|Any CPU
		{F7978BB8-229C-4056-976B-17B27D6833DC}.Release|Any CPU.ActiveCfg = Release|Any CPU
		{F7978BB8-229C-4056-976B-17B27D6833DC}.Release|Any CPU.Build.0 = Release|Any CPU
		{F7978BB8-229C-4056-976B-17B27D6833DC}.Release|Any CPU.Deploy.0 = Release|Any CPU
		{F7978BB8-229C-4056-976B-17B27D6833DC}.Release|ARM.ActiveCfg = Release|Any CPU
		{F7978BB8-229C-4056-976B-17B27D6833DC}.Release|ARM.Build.0 = Release|Any CPU
		{F7978BB8-229C-4056-976B-17B27D6833DC}.Release|ARM.Deploy.0 = Release|Any CPU
		{F7978BB8-229C-4056-976B-17B27D6833DC}.Release|iPhone.ActiveCfg = Release|Any CPU
		{F7978BB8-229C-4056-976B-17B27D6833DC}.Release|iPhone.Build.0 = Release|Any CPU
		{F7978BB8-229C-4056-976B-17B27D6833DC}.Release|iPhone.Deploy.0 = Release|Any CPU
		{F7978BB8-229C-4056-976B-17B27D6833DC}.Release|iPhoneSimulator.ActiveCfg = Release|Any CPU
		{F7978BB8-229C-4056-976B-17B27D6833DC}.Release|iPhoneSimulator.Build.0 = Release|Any CPU
		{F7978BB8-229C-4056-976B-17B27D6833DC}.Release|iPhoneSimulator.Deploy.0 = Release|Any CPU
		{F7978BB8-229C-4056-976B-17B27D6833DC}.Release|x64.ActiveCfg = Release|Any CPU
		{F7978BB8-229C-4056-976B-17B27D6833DC}.Release|x64.Build.0 = Release|Any CPU
		{F7978BB8-229C-4056-976B-17B27D6833DC}.Release|x64.Deploy.0 = Release|Any CPU
		{F7978BB8-229C-4056-976B-17B27D6833DC}.Release|x86.ActiveCfg = Release|Any CPU
		{F7978BB8-229C-4056-976B-17B27D6833DC}.Release|x86.Build.0 = Release|Any CPU
		{F7978BB8-229C-4056-976B-17B27D6833DC}.Release|x86.Deploy.0 = Release|Any CPU
		{FB370793-D734-407F-9B92-A5DAF3CBA3BA}.Ad-Hoc|Any CPU.ActiveCfg = Ad-Hoc|iPhone
		{FB370793-D734-407F-9B92-A5DAF3CBA3BA}.Ad-Hoc|Any CPU.Build.0 = Ad-Hoc|iPhone
		{FB370793-D734-407F-9B92-A5DAF3CBA3BA}.Ad-Hoc|Any CPU.Deploy.0 = Ad-Hoc|iPhone
		{FB370793-D734-407F-9B92-A5DAF3CBA3BA}.Ad-Hoc|ARM.ActiveCfg = Ad-Hoc|iPhone
		{FB370793-D734-407F-9B92-A5DAF3CBA3BA}.Ad-Hoc|ARM.Build.0 = Ad-Hoc|iPhone
		{FB370793-D734-407F-9B92-A5DAF3CBA3BA}.Ad-Hoc|ARM.Deploy.0 = Ad-Hoc|iPhone
		{FB370793-D734-407F-9B92-A5DAF3CBA3BA}.Ad-Hoc|iPhone.ActiveCfg = Ad-Hoc|iPhone
		{FB370793-D734-407F-9B92-A5DAF3CBA3BA}.Ad-Hoc|iPhone.Build.0 = Ad-Hoc|iPhone
		{FB370793-D734-407F-9B92-A5DAF3CBA3BA}.Ad-Hoc|iPhone.Deploy.0 = Ad-Hoc|iPhone
		{FB370793-D734-407F-9B92-A5DAF3CBA3BA}.Ad-Hoc|iPhoneSimulator.ActiveCfg = Ad-Hoc|iPhoneSimulator
		{FB370793-D734-407F-9B92-A5DAF3CBA3BA}.Ad-Hoc|iPhoneSimulator.Build.0 = Ad-Hoc|iPhoneSimulator
		{FB370793-D734-407F-9B92-A5DAF3CBA3BA}.Ad-Hoc|iPhoneSimulator.Deploy.0 = Ad-Hoc|iPhoneSimulator
		{FB370793-D734-407F-9B92-A5DAF3CBA3BA}.Ad-Hoc|x64.ActiveCfg = Ad-Hoc|iPhone
		{FB370793-D734-407F-9B92-A5DAF3CBA3BA}.Ad-Hoc|x64.Build.0 = Ad-Hoc|iPhone
		{FB370793-D734-407F-9B92-A5DAF3CBA3BA}.Ad-Hoc|x64.Deploy.0 = Ad-Hoc|iPhone
		{FB370793-D734-407F-9B92-A5DAF3CBA3BA}.Ad-Hoc|x86.ActiveCfg = Ad-Hoc|iPhone
		{FB370793-D734-407F-9B92-A5DAF3CBA3BA}.Ad-Hoc|x86.Build.0 = Ad-Hoc|iPhone
		{FB370793-D734-407F-9B92-A5DAF3CBA3BA}.Ad-Hoc|x86.Deploy.0 = Ad-Hoc|iPhone
		{FB370793-D734-407F-9B92-A5DAF3CBA3BA}.AppStore|Any CPU.ActiveCfg = AppStore|iPhone
		{FB370793-D734-407F-9B92-A5DAF3CBA3BA}.AppStore|Any CPU.Build.0 = AppStore|iPhone
		{FB370793-D734-407F-9B92-A5DAF3CBA3BA}.AppStore|Any CPU.Deploy.0 = AppStore|iPhone
		{FB370793-D734-407F-9B92-A5DAF3CBA3BA}.AppStore|ARM.ActiveCfg = AppStore|iPhone
		{FB370793-D734-407F-9B92-A5DAF3CBA3BA}.AppStore|ARM.Build.0 = AppStore|iPhone
		{FB370793-D734-407F-9B92-A5DAF3CBA3BA}.AppStore|ARM.Deploy.0 = AppStore|iPhone
		{FB370793-D734-407F-9B92-A5DAF3CBA3BA}.AppStore|iPhone.ActiveCfg = AppStore|iPhone
		{FB370793-D734-407F-9B92-A5DAF3CBA3BA}.AppStore|iPhone.Build.0 = AppStore|iPhone
		{FB370793-D734-407F-9B92-A5DAF3CBA3BA}.AppStore|iPhone.Deploy.0 = AppStore|iPhone
		{FB370793-D734-407F-9B92-A5DAF3CBA3BA}.AppStore|iPhoneSimulator.ActiveCfg = AppStore|iPhoneSimulator
		{FB370793-D734-407F-9B92-A5DAF3CBA3BA}.AppStore|iPhoneSimulator.Build.0 = AppStore|iPhoneSimulator
		{FB370793-D734-407F-9B92-A5DAF3CBA3BA}.AppStore|iPhoneSimulator.Deploy.0 = AppStore|iPhoneSimulator
		{FB370793-D734-407F-9B92-A5DAF3CBA3BA}.AppStore|x64.ActiveCfg = AppStore|iPhone
		{FB370793-D734-407F-9B92-A5DAF3CBA3BA}.AppStore|x64.Build.0 = AppStore|iPhone
		{FB370793-D734-407F-9B92-A5DAF3CBA3BA}.AppStore|x64.Deploy.0 = AppStore|iPhone
		{FB370793-D734-407F-9B92-A5DAF3CBA3BA}.AppStore|x86.ActiveCfg = AppStore|iPhone
		{FB370793-D734-407F-9B92-A5DAF3CBA3BA}.AppStore|x86.Build.0 = AppStore|iPhone
		{FB370793-D734-407F-9B92-A5DAF3CBA3BA}.AppStore|x86.Deploy.0 = AppStore|iPhone
		{FB370793-D734-407F-9B92-A5DAF3CBA3BA}.Debug|Any CPU.ActiveCfg = Debug|iPhoneSimulator
		{FB370793-D734-407F-9B92-A5DAF3CBA3BA}.Debug|Any CPU.Build.0 = Debug|iPhoneSimulator
		{FB370793-D734-407F-9B92-A5DAF3CBA3BA}.Debug|Any CPU.Deploy.0 = Debug|iPhoneSimulator
		{FB370793-D734-407F-9B92-A5DAF3CBA3BA}.Debug|ARM.ActiveCfg = Debug|iPhone
		{FB370793-D734-407F-9B92-A5DAF3CBA3BA}.Debug|ARM.Build.0 = Debug|iPhone
		{FB370793-D734-407F-9B92-A5DAF3CBA3BA}.Debug|ARM.Deploy.0 = Debug|iPhone
		{FB370793-D734-407F-9B92-A5DAF3CBA3BA}.Debug|iPhone.ActiveCfg = Debug|iPhone
		{FB370793-D734-407F-9B92-A5DAF3CBA3BA}.Debug|iPhone.Build.0 = Debug|iPhone
		{FB370793-D734-407F-9B92-A5DAF3CBA3BA}.Debug|iPhone.Deploy.0 = Debug|iPhone
		{FB370793-D734-407F-9B92-A5DAF3CBA3BA}.Debug|iPhoneSimulator.ActiveCfg = Debug|iPhoneSimulator
		{FB370793-D734-407F-9B92-A5DAF3CBA3BA}.Debug|iPhoneSimulator.Build.0 = Debug|iPhoneSimulator
		{FB370793-D734-407F-9B92-A5DAF3CBA3BA}.Debug|iPhoneSimulator.Deploy.0 = Debug|iPhoneSimulator
		{FB370793-D734-407F-9B92-A5DAF3CBA3BA}.Debug|x64.ActiveCfg = Debug|iPhone
		{FB370793-D734-407F-9B92-A5DAF3CBA3BA}.Debug|x64.Build.0 = Debug|iPhone
		{FB370793-D734-407F-9B92-A5DAF3CBA3BA}.Debug|x64.Deploy.0 = Debug|iPhone
		{FB370793-D734-407F-9B92-A5DAF3CBA3BA}.Debug|x86.ActiveCfg = Debug|iPhone
		{FB370793-D734-407F-9B92-A5DAF3CBA3BA}.Debug|x86.Build.0 = Debug|iPhone
		{FB370793-D734-407F-9B92-A5DAF3CBA3BA}.Debug|x86.Deploy.0 = Debug|iPhone
		{FB370793-D734-407F-9B92-A5DAF3CBA3BA}.Release|Any CPU.ActiveCfg = Release|iPhone
		{FB370793-D734-407F-9B92-A5DAF3CBA3BA}.Release|Any CPU.Build.0 = Release|iPhone
		{FB370793-D734-407F-9B92-A5DAF3CBA3BA}.Release|Any CPU.Deploy.0 = Release|iPhone
		{FB370793-D734-407F-9B92-A5DAF3CBA3BA}.Release|ARM.ActiveCfg = Release|iPhone
		{FB370793-D734-407F-9B92-A5DAF3CBA3BA}.Release|ARM.Build.0 = Release|iPhone
		{FB370793-D734-407F-9B92-A5DAF3CBA3BA}.Release|ARM.Deploy.0 = Release|iPhone
		{FB370793-D734-407F-9B92-A5DAF3CBA3BA}.Release|iPhone.ActiveCfg = Release|iPhone
		{FB370793-D734-407F-9B92-A5DAF3CBA3BA}.Release|iPhone.Build.0 = Release|iPhone
		{FB370793-D734-407F-9B92-A5DAF3CBA3BA}.Release|iPhone.Deploy.0 = Release|iPhone
		{FB370793-D734-407F-9B92-A5DAF3CBA3BA}.Release|iPhoneSimulator.ActiveCfg = Release|iPhoneSimulator
		{FB370793-D734-407F-9B92-A5DAF3CBA3BA}.Release|iPhoneSimulator.Build.0 = Release|iPhoneSimulator
		{FB370793-D734-407F-9B92-A5DAF3CBA3BA}.Release|iPhoneSimulator.Deploy.0 = Release|iPhoneSimulator
		{FB370793-D734-407F-9B92-A5DAF3CBA3BA}.Release|x64.ActiveCfg = Release|iPhone
		{FB370793-D734-407F-9B92-A5DAF3CBA3BA}.Release|x64.Build.0 = Release|iPhone
		{FB370793-D734-407F-9B92-A5DAF3CBA3BA}.Release|x64.Deploy.0 = Release|iPhone
		{FB370793-D734-407F-9B92-A5DAF3CBA3BA}.Release|x86.ActiveCfg = Release|iPhone
		{FB370793-D734-407F-9B92-A5DAF3CBA3BA}.Release|x86.Build.0 = Release|iPhone
		{FB370793-D734-407F-9B92-A5DAF3CBA3BA}.Release|x86.Deploy.0 = Release|iPhone
		{D7591CE8-9F5E-4D58-8BA8-4D7D6F9D0541}.Ad-Hoc|Any CPU.ActiveCfg = Release|x86
		{D7591CE8-9F5E-4D58-8BA8-4D7D6F9D0541}.Ad-Hoc|Any CPU.Build.0 = Release|x86
		{D7591CE8-9F5E-4D58-8BA8-4D7D6F9D0541}.Ad-Hoc|Any CPU.Deploy.0 = Release|x86
		{D7591CE8-9F5E-4D58-8BA8-4D7D6F9D0541}.Ad-Hoc|ARM.ActiveCfg = Release|ARM
		{D7591CE8-9F5E-4D58-8BA8-4D7D6F9D0541}.Ad-Hoc|ARM.Build.0 = Release|ARM
		{D7591CE8-9F5E-4D58-8BA8-4D7D6F9D0541}.Ad-Hoc|ARM.Deploy.0 = Release|ARM
		{D7591CE8-9F5E-4D58-8BA8-4D7D6F9D0541}.Ad-Hoc|iPhone.ActiveCfg = Release|x86
		{D7591CE8-9F5E-4D58-8BA8-4D7D6F9D0541}.Ad-Hoc|iPhone.Build.0 = Release|x86
		{D7591CE8-9F5E-4D58-8BA8-4D7D6F9D0541}.Ad-Hoc|iPhone.Deploy.0 = Release|x86
		{D7591CE8-9F5E-4D58-8BA8-4D7D6F9D0541}.Ad-Hoc|iPhoneSimulator.ActiveCfg = Release|x86
		{D7591CE8-9F5E-4D58-8BA8-4D7D6F9D0541}.Ad-Hoc|iPhoneSimulator.Build.0 = Release|x86
		{D7591CE8-9F5E-4D58-8BA8-4D7D6F9D0541}.Ad-Hoc|iPhoneSimulator.Deploy.0 = Release|x86
		{D7591CE8-9F5E-4D58-8BA8-4D7D6F9D0541}.Ad-Hoc|x64.ActiveCfg = Release|x64
		{D7591CE8-9F5E-4D58-8BA8-4D7D6F9D0541}.Ad-Hoc|x64.Build.0 = Release|x64
		{D7591CE8-9F5E-4D58-8BA8-4D7D6F9D0541}.Ad-Hoc|x64.Deploy.0 = Release|x64
		{D7591CE8-9F5E-4D58-8BA8-4D7D6F9D0541}.Ad-Hoc|x86.ActiveCfg = Release|x86
		{D7591CE8-9F5E-4D58-8BA8-4D7D6F9D0541}.Ad-Hoc|x86.Build.0 = Release|x86
		{D7591CE8-9F5E-4D58-8BA8-4D7D6F9D0541}.Ad-Hoc|x86.Deploy.0 = Release|x86
		{D7591CE8-9F5E-4D58-8BA8-4D7D6F9D0541}.AppStore|Any CPU.ActiveCfg = Release|x86
		{D7591CE8-9F5E-4D58-8BA8-4D7D6F9D0541}.AppStore|Any CPU.Build.0 = Release|x86
		{D7591CE8-9F5E-4D58-8BA8-4D7D6F9D0541}.AppStore|Any CPU.Deploy.0 = Release|x86
		{D7591CE8-9F5E-4D58-8BA8-4D7D6F9D0541}.AppStore|ARM.ActiveCfg = Release|ARM
		{D7591CE8-9F5E-4D58-8BA8-4D7D6F9D0541}.AppStore|ARM.Build.0 = Release|ARM
		{D7591CE8-9F5E-4D58-8BA8-4D7D6F9D0541}.AppStore|ARM.Deploy.0 = Release|ARM
		{D7591CE8-9F5E-4D58-8BA8-4D7D6F9D0541}.AppStore|iPhone.ActiveCfg = Release|x86
		{D7591CE8-9F5E-4D58-8BA8-4D7D6F9D0541}.AppStore|iPhone.Build.0 = Release|x86
		{D7591CE8-9F5E-4D58-8BA8-4D7D6F9D0541}.AppStore|iPhone.Deploy.0 = Release|x86
		{D7591CE8-9F5E-4D58-8BA8-4D7D6F9D0541}.AppStore|iPhoneSimulator.ActiveCfg = Release|x86
		{D7591CE8-9F5E-4D58-8BA8-4D7D6F9D0541}.AppStore|iPhoneSimulator.Build.0 = Release|x86
		{D7591CE8-9F5E-4D58-8BA8-4D7D6F9D0541}.AppStore|iPhoneSimulator.Deploy.0 = Release|x86
		{D7591CE8-9F5E-4D58-8BA8-4D7D6F9D0541}.AppStore|x64.ActiveCfg = Release|x64
		{D7591CE8-9F5E-4D58-8BA8-4D7D6F9D0541}.AppStore|x64.Build.0 = Release|x64
		{D7591CE8-9F5E-4D58-8BA8-4D7D6F9D0541}.AppStore|x64.Deploy.0 = Release|x64
		{D7591CE8-9F5E-4D58-8BA8-4D7D6F9D0541}.AppStore|x86.ActiveCfg = Release|x86
		{D7591CE8-9F5E-4D58-8BA8-4D7D6F9D0541}.AppStore|x86.Build.0 = Release|x86
		{D7591CE8-9F5E-4D58-8BA8-4D7D6F9D0541}.AppStore|x86.Deploy.0 = Release|x86
		{D7591CE8-9F5E-4D58-8BA8-4D7D6F9D0541}.Debug|Any CPU.ActiveCfg = Debug|x86
		{D7591CE8-9F5E-4D58-8BA8-4D7D6F9D0541}.Debug|Any CPU.Build.0 = Debug|x86
		{D7591CE8-9F5E-4D58-8BA8-4D7D6F9D0541}.Debug|Any CPU.Deploy.0 = Debug|x86
		{D7591CE8-9F5E-4D58-8BA8-4D7D6F9D0541}.Debug|ARM.ActiveCfg = Debug|ARM
		{D7591CE8-9F5E-4D58-8BA8-4D7D6F9D0541}.Debug|ARM.Build.0 = Debug|ARM
		{D7591CE8-9F5E-4D58-8BA8-4D7D6F9D0541}.Debug|ARM.Deploy.0 = Debug|ARM
		{D7591CE8-9F5E-4D58-8BA8-4D7D6F9D0541}.Debug|iPhone.ActiveCfg = Debug|x86
		{D7591CE8-9F5E-4D58-8BA8-4D7D6F9D0541}.Debug|iPhone.Build.0 = Debug|x86
		{D7591CE8-9F5E-4D58-8BA8-4D7D6F9D0541}.Debug|iPhone.Deploy.0 = Debug|x86
		{D7591CE8-9F5E-4D58-8BA8-4D7D6F9D0541}.Debug|iPhoneSimulator.ActiveCfg = Debug|x86
		{D7591CE8-9F5E-4D58-8BA8-4D7D6F9D0541}.Debug|iPhoneSimulator.Build.0 = Debug|x86
		{D7591CE8-9F5E-4D58-8BA8-4D7D6F9D0541}.Debug|iPhoneSimulator.Deploy.0 = Debug|x86
		{D7591CE8-9F5E-4D58-8BA8-4D7D6F9D0541}.Debug|x64.ActiveCfg = Debug|x64
		{D7591CE8-9F5E-4D58-8BA8-4D7D6F9D0541}.Debug|x64.Build.0 = Debug|x64
		{D7591CE8-9F5E-4D58-8BA8-4D7D6F9D0541}.Debug|x64.Deploy.0 = Debug|x64
		{D7591CE8-9F5E-4D58-8BA8-4D7D6F9D0541}.Debug|x86.ActiveCfg = Debug|x86
		{D7591CE8-9F5E-4D58-8BA8-4D7D6F9D0541}.Debug|x86.Build.0 = Debug|x86
		{D7591CE8-9F5E-4D58-8BA8-4D7D6F9D0541}.Debug|x86.Deploy.0 = Debug|x86
		{D7591CE8-9F5E-4D58-8BA8-4D7D6F9D0541}.Release|Any CPU.ActiveCfg = Release|x86
		{D7591CE8-9F5E-4D58-8BA8-4D7D6F9D0541}.Release|Any CPU.Build.0 = Release|x86
		{D7591CE8-9F5E-4D58-8BA8-4D7D6F9D0541}.Release|Any CPU.Deploy.0 = Release|x86
		{D7591CE8-9F5E-4D58-8BA8-4D7D6F9D0541}.Release|ARM.ActiveCfg = Release|ARM
		{D7591CE8-9F5E-4D58-8BA8-4D7D6F9D0541}.Release|ARM.Build.0 = Release|ARM
		{D7591CE8-9F5E-4D58-8BA8-4D7D6F9D0541}.Release|ARM.Deploy.0 = Release|ARM
		{D7591CE8-9F5E-4D58-8BA8-4D7D6F9D0541}.Release|iPhone.ActiveCfg = Release|x86
		{D7591CE8-9F5E-4D58-8BA8-4D7D6F9D0541}.Release|iPhone.Build.0 = Release|x86
		{D7591CE8-9F5E-4D58-8BA8-4D7D6F9D0541}.Release|iPhone.Deploy.0 = Release|x86
		{D7591CE8-9F5E-4D58-8BA8-4D7D6F9D0541}.Release|iPhoneSimulator.ActiveCfg = Release|x86
		{D7591CE8-9F5E-4D58-8BA8-4D7D6F9D0541}.Release|iPhoneSimulator.Build.0 = Release|x86
		{D7591CE8-9F5E-4D58-8BA8-4D7D6F9D0541}.Release|iPhoneSimulator.Deploy.0 = Release|x86
		{D7591CE8-9F5E-4D58-8BA8-4D7D6F9D0541}.Release|x64.ActiveCfg = Release|x64
		{D7591CE8-9F5E-4D58-8BA8-4D7D6F9D0541}.Release|x64.Build.0 = Release|x64
		{D7591CE8-9F5E-4D58-8BA8-4D7D6F9D0541}.Release|x64.Deploy.0 = Release|x64
		{D7591CE8-9F5E-4D58-8BA8-4D7D6F9D0541}.Release|x86.ActiveCfg = Release|x86
		{D7591CE8-9F5E-4D58-8BA8-4D7D6F9D0541}.Release|x86.Build.0 = Release|x86
		{D7591CE8-9F5E-4D58-8BA8-4D7D6F9D0541}.Release|x86.Deploy.0 = Release|x86
		{DE55AECA-3182-4544-A883-7F152A704737}.Ad-Hoc|Any CPU.ActiveCfg = Debug|Any CPU
		{DE55AECA-3182-4544-A883-7F152A704737}.Ad-Hoc|Any CPU.Build.0 = Debug|Any CPU
		{DE55AECA-3182-4544-A883-7F152A704737}.Ad-Hoc|Any CPU.Deploy.0 = Debug|Any CPU
		{DE55AECA-3182-4544-A883-7F152A704737}.Ad-Hoc|ARM.ActiveCfg = Debug|Any CPU
		{DE55AECA-3182-4544-A883-7F152A704737}.Ad-Hoc|ARM.Build.0 = Debug|Any CPU
		{DE55AECA-3182-4544-A883-7F152A704737}.Ad-Hoc|ARM.Deploy.0 = Debug|Any CPU
		{DE55AECA-3182-4544-A883-7F152A704737}.Ad-Hoc|iPhone.ActiveCfg = Debug|Any CPU
		{DE55AECA-3182-4544-A883-7F152A704737}.Ad-Hoc|iPhone.Build.0 = Debug|Any CPU
		{DE55AECA-3182-4544-A883-7F152A704737}.Ad-Hoc|iPhone.Deploy.0 = Debug|Any CPU
		{DE55AECA-3182-4544-A883-7F152A704737}.Ad-Hoc|iPhoneSimulator.ActiveCfg = Debug|Any CPU
		{DE55AECA-3182-4544-A883-7F152A704737}.Ad-Hoc|iPhoneSimulator.Build.0 = Debug|Any CPU
		{DE55AECA-3182-4544-A883-7F152A704737}.Ad-Hoc|iPhoneSimulator.Deploy.0 = Debug|Any CPU
		{DE55AECA-3182-4544-A883-7F152A704737}.Ad-Hoc|x64.ActiveCfg = Debug|Any CPU
		{DE55AECA-3182-4544-A883-7F152A704737}.Ad-Hoc|x64.Build.0 = Debug|Any CPU
		{DE55AECA-3182-4544-A883-7F152A704737}.Ad-Hoc|x64.Deploy.0 = Debug|Any CPU
		{DE55AECA-3182-4544-A883-7F152A704737}.Ad-Hoc|x86.ActiveCfg = Debug|Any CPU
		{DE55AECA-3182-4544-A883-7F152A704737}.Ad-Hoc|x86.Build.0 = Debug|Any CPU
		{DE55AECA-3182-4544-A883-7F152A704737}.Ad-Hoc|x86.Deploy.0 = Debug|Any CPU
		{DE55AECA-3182-4544-A883-7F152A704737}.AppStore|Any CPU.ActiveCfg = Debug|Any CPU
		{DE55AECA-3182-4544-A883-7F152A704737}.AppStore|Any CPU.Build.0 = Debug|Any CPU
		{DE55AECA-3182-4544-A883-7F152A704737}.AppStore|Any CPU.Deploy.0 = Debug|Any CPU
		{DE55AECA-3182-4544-A883-7F152A704737}.AppStore|ARM.ActiveCfg = Debug|Any CPU
		{DE55AECA-3182-4544-A883-7F152A704737}.AppStore|ARM.Build.0 = Debug|Any CPU
		{DE55AECA-3182-4544-A883-7F152A704737}.AppStore|ARM.Deploy.0 = Debug|Any CPU
		{DE55AECA-3182-4544-A883-7F152A704737}.AppStore|iPhone.ActiveCfg = Debug|Any CPU
		{DE55AECA-3182-4544-A883-7F152A704737}.AppStore|iPhone.Build.0 = Debug|Any CPU
		{DE55AECA-3182-4544-A883-7F152A704737}.AppStore|iPhone.Deploy.0 = Debug|Any CPU
		{DE55AECA-3182-4544-A883-7F152A704737}.AppStore|iPhoneSimulator.ActiveCfg = Debug|Any CPU
		{DE55AECA-3182-4544-A883-7F152A704737}.AppStore|iPhoneSimulator.Build.0 = Debug|Any CPU
		{DE55AECA-3182-4544-A883-7F152A704737}.AppStore|iPhoneSimulator.Deploy.0 = Debug|Any CPU
		{DE55AECA-3182-4544-A883-7F152A704737}.AppStore|x64.ActiveCfg = Debug|Any CPU
		{DE55AECA-3182-4544-A883-7F152A704737}.AppStore|x64.Build.0 = Debug|Any CPU
		{DE55AECA-3182-4544-A883-7F152A704737}.AppStore|x64.Deploy.0 = Debug|Any CPU
		{DE55AECA-3182-4544-A883-7F152A704737}.AppStore|x86.ActiveCfg = Debug|Any CPU
		{DE55AECA-3182-4544-A883-7F152A704737}.AppStore|x86.Build.0 = Debug|Any CPU
		{DE55AECA-3182-4544-A883-7F152A704737}.AppStore|x86.Deploy.0 = Debug|Any CPU
		{DE55AECA-3182-4544-A883-7F152A704737}.Debug|Any CPU.ActiveCfg = Debug|Any CPU
		{DE55AECA-3182-4544-A883-7F152A704737}.Debug|Any CPU.Build.0 = Debug|Any CPU
		{DE55AECA-3182-4544-A883-7F152A704737}.Debug|Any CPU.Deploy.0 = Debug|Any CPU
		{DE55AECA-3182-4544-A883-7F152A704737}.Debug|ARM.ActiveCfg = Debug|Any CPU
		{DE55AECA-3182-4544-A883-7F152A704737}.Debug|ARM.Build.0 = Debug|Any CPU
		{DE55AECA-3182-4544-A883-7F152A704737}.Debug|ARM.Deploy.0 = Debug|Any CPU
		{DE55AECA-3182-4544-A883-7F152A704737}.Debug|iPhone.ActiveCfg = Debug|Any CPU
		{DE55AECA-3182-4544-A883-7F152A704737}.Debug|iPhone.Build.0 = Debug|Any CPU
		{DE55AECA-3182-4544-A883-7F152A704737}.Debug|iPhone.Deploy.0 = Debug|Any CPU
		{DE55AECA-3182-4544-A883-7F152A704737}.Debug|iPhoneSimulator.ActiveCfg = Debug|Any CPU
		{DE55AECA-3182-4544-A883-7F152A704737}.Debug|iPhoneSimulator.Build.0 = Debug|Any CPU
		{DE55AECA-3182-4544-A883-7F152A704737}.Debug|iPhoneSimulator.Deploy.0 = Debug|Any CPU
		{DE55AECA-3182-4544-A883-7F152A704737}.Debug|x64.ActiveCfg = Debug|Any CPU
		{DE55AECA-3182-4544-A883-7F152A704737}.Debug|x64.Build.0 = Debug|Any CPU
		{DE55AECA-3182-4544-A883-7F152A704737}.Debug|x64.Deploy.0 = Debug|Any CPU
		{DE55AECA-3182-4544-A883-7F152A704737}.Debug|x86.ActiveCfg = Debug|Any CPU
		{DE55AECA-3182-4544-A883-7F152A704737}.Debug|x86.Build.0 = Debug|Any CPU
		{DE55AECA-3182-4544-A883-7F152A704737}.Debug|x86.Deploy.0 = Debug|Any CPU
		{DE55AECA-3182-4544-A883-7F152A704737}.Release|Any CPU.ActiveCfg = Release|Any CPU
		{DE55AECA-3182-4544-A883-7F152A704737}.Release|Any CPU.Build.0 = Release|Any CPU
		{DE55AECA-3182-4544-A883-7F152A704737}.Release|Any CPU.Deploy.0 = Release|Any CPU
		{DE55AECA-3182-4544-A883-7F152A704737}.Release|ARM.ActiveCfg = Release|Any CPU
		{DE55AECA-3182-4544-A883-7F152A704737}.Release|ARM.Build.0 = Release|Any CPU
		{DE55AECA-3182-4544-A883-7F152A704737}.Release|ARM.Deploy.0 = Release|Any CPU
		{DE55AECA-3182-4544-A883-7F152A704737}.Release|iPhone.ActiveCfg = Release|Any CPU
		{DE55AECA-3182-4544-A883-7F152A704737}.Release|iPhone.Build.0 = Release|Any CPU
		{DE55AECA-3182-4544-A883-7F152A704737}.Release|iPhone.Deploy.0 = Release|Any CPU
		{DE55AECA-3182-4544-A883-7F152A704737}.Release|iPhoneSimulator.ActiveCfg = Release|Any CPU
		{DE55AECA-3182-4544-A883-7F152A704737}.Release|iPhoneSimulator.Build.0 = Release|Any CPU
		{DE55AECA-3182-4544-A883-7F152A704737}.Release|iPhoneSimulator.Deploy.0 = Release|Any CPU
		{DE55AECA-3182-4544-A883-7F152A704737}.Release|x64.ActiveCfg = Release|Any CPU
		{DE55AECA-3182-4544-A883-7F152A704737}.Release|x64.Build.0 = Release|Any CPU
		{DE55AECA-3182-4544-A883-7F152A704737}.Release|x64.Deploy.0 = Release|Any CPU
		{DE55AECA-3182-4544-A883-7F152A704737}.Release|x86.ActiveCfg = Release|Any CPU
		{DE55AECA-3182-4544-A883-7F152A704737}.Release|x86.Build.0 = Release|Any CPU
		{DE55AECA-3182-4544-A883-7F152A704737}.Release|x86.Deploy.0 = Release|Any CPU
	EndGlobalSection
	GlobalSection(SolutionProperties) = preSolution
		HideSolutionNode = FALSE
	EndGlobalSection
	GlobalSection(ExtensibilityGlobals) = postSolution
		SolutionGuid = {E6021B65-215D-4CE6-A395-C1341EA8EDE8}
	EndGlobalSection
EndGlobal
